{
  "name": "remote-git-tags-cli",
  "version": "0.1.0",
  "lockfileVersion": 2,
  "requires": true,
  "packages": {
    "": {
      "version": "0.1.0",
      "license": "ISC",
      "dependencies": {
        "remote-git-tags": "^3.0.0"
      },
      "engines": {
        "node": ">=10.17"
      }
    },
    "node_modules/remote-git-tags": {
      "version": "3.0.0",
      "resolved": "https://registry.npmjs.org/remote-git-tags/-/remote-git-tags-3.0.0.tgz",
      "integrity": "sha512-C9hAO4eoEsX+OXA4rla66pXZQ+TLQ8T9dttgQj18yuKlPMTVkIkdYXvlMC55IuUsIkV6DpmQYi10JKFLaU+l7w==",
      "engines": {
        "node": ">=8"
      }
    }
  },
  "dependencies": {
    "remote-git-tags": {
      "version": "3.0.0",
      "resolved": "https://registry.npmjs.org/remote-git-tags/-/remote-git-tags-3.0.0.tgz",
      "integrity": "sha512-C9hAO4eoEsX+OXA4rla66pXZQ+TLQ8T9dttgQj18yuKlPMTVkIkdYXvlMC55IuUsIkV6DpmQYi10JKFLaU+l7w=="
    }
  }
}
